{"1.2.0",
[{<<"cqerl">>,
  {git,"https://github.com/cqerl/cqerl.git",
       {ref,"1a7f6d4bc4a0aea4fccf917f3dcd5dafd326b81b"}},
  0},
 {<<"goldrush">>,{pkg,<<"goldrush">>,<<"0.1.9">>},1},
 {<<"jsx">>,{pkg,<<"jsx">>,<<"3.1.0">>},0},
 {<<"lager">>,
  {git,"https://github.com/erlang-lager/lager.git",
       {ref,"459a3b2cdd9eadd29e5a7ce5c43932f5ccd6eb88"}},
  0},
 {<<"lz4">>,{pkg,<<"lz4_erl">>,<<"0.2.4">>},1},
 {<<"observer_cli">>,
  {git,"https://github.com/zhongwencool/observer_cli.git",
       {ref,"c4eba842003334b4c143ffd55a5e7850ef675bc4"}},
  0},
 {<<"quickrand">>,{pkg,<<"quickrand">>,<<"2.0.7">>},2},
 {<<"re2">>,{pkg,<<"re2">>,<<"1.9.8">>},1},
 {<<"recon">>,{pkg,<<"recon">>,<<"2.5.6">>},1},
 {<<"semver">>,{pkg,<<"semver_erl">>,<<"0.0.1">>},1},
 {<<"snappyer">>,{pkg,<<"snappyer">>,<<"1.2.10">>},1},
 {<<"uuid">>,{pkg,<<"uuid_erl">>,<<"2.0.0">>},1}]}.
[
{pkg_hash,[
 {<<"goldrush">>, <<"F06E5D5F1277DA5C413E84D5A2924174182FB108DABB39D5EC548B27424CD106">>},
 {<<"jsx">>, <<"D12516BAA0BB23A59BB35DCCAF02A1BD08243FCBB9EFE24F2D9D056CCFF71268">>},
 {<<"lz4">>, <<"FAFC1FA39ED1D034893316852DAEBEDD82F37DF478446224AC096490BE3B4A4D">>},
 {<<"quickrand">>, <<"D2BD76676A446E6A058D678444B7FDA1387B813710D1AF6D6E29BB92186C8820">>},
 {<<"re2">>, <<"D125D43B1D695D35F3625F11D984E4417192240A8D0BEC89B1D6872B8F861D7B">>},
 {<<"recon">>, <<"9052588E83BFEDFD9B72E1034532AEE2A5369D9D9343B61AEB7FBCE761010741">>},
 {<<"semver">>, <<"E1DC99FB20FF071B240A0280611FABA93EEB9C2ADFB02A15E20A06A9F13DFFF4">>},
 {<<"snappyer">>, <<"023E9AE00E969B0997208B5DE7D3B12BB46EC6BC5411E8DC53E7B3F435B8F0FD">>},
 {<<"uuid">>, <<"02C713FAC0E73E5F366CBA541216F1E956E2F00C91C7530D4B21DEC7D3ADA164">>}]},
{pkg_hash_ext,[
 {<<"goldrush">>, <<"99CB4128CFFCB3227581E5D4D803D5413FA643F4EB96523F77D9E6937D994CEB">>},
 {<<"jsx">>, <<"0C5CC8FDC11B53CC25CF65AC6705AD39E54ECC56D1C22E4ADB8F5A53FB9427F3">>},
 {<<"lz4">>, <<"E3EB9E2B5C1E4DAB39DB8FE0421E6FA10F9BF5843F20DAB43518F8AB8E812517">>},
 {<<"quickrand">>, <<"B8ACBF89A224BC217C3070CA8BEBC6EB236DBE7F9767993B274084EA044D35F0">>},
 {<<"re2">>, <<"3AA83A5C50F88CF1578642020E1E63918053911882045E4981E489E3DD74B7E8">>},
 {<<"recon">>, <<"96C6799792D735CC0F0FD0F86267E9D351E63339CBE03DF9D162010CEFC26BB0">>},
 {<<"semver">>, <<"ADF1CB935EEB2472B4B7BB8116C678C1077AE4CD5BDFE90010B765AECCE5753B">>},
 {<<"snappyer">>, <<"F55BD9ED147E7163CB3ACD1E431A7FF2C9E31CEACBB8308786094FB64551C284">>},
 {<<"uuid">>, <<"CE1C1ED1D786BA98F93204BE66F93A797504993954141122FCC5FE59B5331367">>}]}
].
